{
  "name": "create-bookemoji",
  "version": "1.0.0",
  "lockfileVersion": 3,
  "requires": true,
  "packages": {
    "": {
      "name": "create-bookemoji",
      "version": "1.0.0",
      "license": "ISC",
      "devDependencies": {
        "sv": "^0.8.12",
        "typescript": "^5.8.3"
      }
    },
    "node_modules/sv": {
      "version": "0.8.12",
      "resolved": "https://registry.npmjs.org/sv/-/sv-0.8.12.tgz",
      "integrity": "sha512-IhNQrqUK1ETpTiiD0rARmneBuHh4ItinxkIiqAGIB+ZVfiF+Gt7QQQs6qAwfXmXClTnGwEaDLzk/ccewzQ6cTA==",
      "dev": true,
      "license": "MIT",
      "bin": {
        "sv": "dist/bin.js"
      }
    },
    "node_modules/typescript": {
      "version": "5.8.3",
      "resolved": "https://registry.npmjs.org/typescript/-/typescript-5.8.3.tgz",
      "integrity": "sha512-p1diW6TqL9L07nNxvRMM7hMMw4c5XOo/1ibL4aAIGmSAt9slTE1Xgw5KWuof2uTOvCg9BY7ZRi+GaF+7sfgPeQ==",
      "dev": true,
      "license": "Apache-2.0",
      "bin": {
        "tsc": "bin/tsc",
        "tsserver": "bin/tsserver"
      },
      "engines": {
        "node": ">=14.17"
      }
    }
  }
}
